// !$*UTF8*$!
{
	archiveVersion = 1;
	classes = {
	};
	objectVersion = 51;
	objects = {

/* Begin PBXBuildFile section */
		B21B213B23F85B4D00668238 /* AppDelegate.swift in Sources */ = {isa = PBXBuildFile; fileRef = B21B213A23F85B4D00668238 /* AppDelegate.swift */; };
		B21B214223F85B4E00668238 /* Assets.xcassets in Resources */ = {isa = PBXBuildFile; fileRef = B21B214123F85B4E00668238 /* Assets.xcassets */; };
		B21B214523F85B4E00668238 /* LaunchScreen.storyboard in Resources */ = {isa = PBXBuildFile; fileRef = B21B214323F85B4E00668238 /* LaunchScreen.storyboard */; };
		B21B214D23F8984F00668238 /* ViewController.swift in Sources */ = {isa = PBXBuildFile; fileRef = B21B214C23F8984F00668238 /* ViewController.swift */; };
		B262F6B023FAD79400688FBB /* image_1-iPhone-6.png in Resources */ = {isa = PBXBuildFile; fileRef = B262F6AE23FAD79400688FBB /* image_1-iPhone-6.png */; };
		B262F6B123FAD79400688FBB /* image_2-iPhone-6.png in Resources */ = {isa = PBXBuildFile; fileRef = B262F6AF23FAD79400688FBB /* image_2-iPhone-6.png */; };
		C7931EAF382A117B06712CAC /* Pods_DirectionsApp.framework in Frameworks */ = {isa = PBXBuildFile; fileRef = 4D0F05381242563460E350E6 /* Pods_DirectionsApp.framework */; };
/* End PBXBuildFile section */

/* Begin PBXFileReference section */
		4D0F05381242563460E350E6 /* Pods_DirectionsApp.framework */ = {isa = PBXFileReference; explicitFileType = wrapper.framework; includeInIndex = 0; path = Pods_DirectionsApp.framework; sourceTree = BUILT_PRODUCTS_DIR; };
		8393A9DA0BBE22506C9EDAA0 /* Pods-DirectionsApp.release.xcconfig */ = {isa = PBXFileReference; includeInIndex = 1; lastKnownFileType = text.xcconfig; name = "Pods-DirectionsApp.release.xcconfig"; path = "Target Support Files/Pods-DirectionsApp/Pods-DirectionsApp.release.xcconfig"; sourceTree = "<group>"; };
		898440B2BADF2A1C80A6ABF3 /* Pods-DirectionsApp.debug.xcconfig */ = {isa = PBXFileReference; includeInIndex = 1; lastKnownFileType = text.xcconfig; name = "Pods-DirectionsApp.debug.xcconfig"; path = "Target Support Files/Pods-DirectionsApp/Pods-DirectionsApp.debug.xcconfig"; sourceTree = "<group>"; };
		B21B213723F85B4D00668238 /* DirectionsApp.app */ = {isa = PBXFileReference; explicitFileType = wrapper.application; includeInIndex = 0; path = DirectionsApp.app; sourceTree = BUILT_PRODUCTS_DIR; };
		B21B213A23F85B4D00668238 /* AppDelegate.swift */ = {isa = PBXFileReference; lastKnownFileType = sourcecode.swift; path = AppDelegate.swift; sourceTree = "<group>"; };
		B21B214123F85B4E00668238 /* Assets.xcassets */ = {isa = PBXFileReference; lastKnownFileType = folder.assetcatalog; path = Assets.xcassets; sourceTree = "<group>"; };
		B21B214423F85B4E00668238 /* Base */ = {isa = PBXFileReference; lastKnownFileType = file.storyboard; name = Base; path = Base.lproj/LaunchScreen.storyboard; sourceTree = "<group>"; };
		B21B214623F85B4E00668238 /* Info.plist */ = {isa = PBXFileReference; lastKnownFileType = text.plist.xml; path = Info.plist; sourceTree = "<group>"; };
		B21B214C23F8984F00668238 /* ViewController.swift */ = {isa = PBXFileReference; fileEncoding = 4; lastKnownFileType = sourcecode.swift; path = ViewController.swift; sourceTree = "<group>"; };
		B262F6AE23FAD79400688FBB /* image_1-iPhone-6.png */ = {isa = PBXFileReference; lastKnownFileType = image.png; path = "image_1-iPhone-6.png"; sourceTree = "<group>"; };
		B262F6AF23FAD79400688FBB /* image_2-iPhone-6.png */ = {isa = PBXFileReference; lastKnownFileType = image.png; path = "image_2-iPhone-6.png"; sourceTree = "<group>"; };
/* End PBXFileReference section */

/* Begin PBXFrameworksBuildPhase section */
		B21B213423F85B4D00668238 /* Frameworks */ = {
			isa = PBXFrameworksBuildPhase;
			buildActionMask = 2147483647;
			files = (
				C7931EAF382A117B06712CAC /* Pods_DirectionsApp.framework in Frameworks */,
			);
			runOnlyForDeploymentPostprocessing = 0;
		};
/* End PBXFrameworksBuildPhase section */

/* Begin PBXGroup section */
		3A644852AA9F8E851B8719D7 /* Pods */ = {
			isa = PBXGroup;
			children = (
				898440B2BADF2A1C80A6ABF3 /* Pods-DirectionsApp.debug.xcconfig */,
				8393A9DA0BBE22506C9EDAA0 /* Pods-DirectionsApp.release.xcconfig */,
			);
			path = Pods;
			sourceTree = "<group>";
		};
		659D5C18F4196CAAF3CA6C4D /* Frameworks */ = {
			isa = PBXGroup;
			children = (
				4D0F05381242563460E350E6 /* Pods_DirectionsApp.framework */,
			);
			name = Frameworks;
			sourceTree = "<group>";
		};
		B21B212E23F85B4D00668238 = {
			isa = PBXGroup;
			children = (
				B21B213923F85B4D00668238 /* DirectionsApp */,
				B21B213823F85B4D00668238 /* Products */,
				3A644852AA9F8E851B8719D7 /* Pods */,
				659D5C18F4196CAAF3CA6C4D /* Frameworks */,
			);
			sourceTree = "<group>";
		};
		B21B213823F85B4D00668238 /* Products */ = {
			isa = PBXGroup;
			children = (
				B21B213723F85B4D00668238 /* DirectionsApp.app */,
			);
			name = Products;
			sourceTree = "<group>";
		};
		B21B213923F85B4D00668238 /* DirectionsApp */ = {
			isa = PBXGroup;
			children = (
				B21B213A23F85B4D00668238 /* AppDelegate.swift */,
				B21B214C23F8984F00668238 /* ViewController.swift */,
				B21B214123F85B4E00668238 /* Assets.xcassets */,
				B21B214323F85B4E00668238 /* LaunchScreen.storyboard */,
				B262F6AE23FAD79400688FBB /* image_1-iPhone-6.png */,
				B262F6AF23FAD79400688FBB /* image_2-iPhone-6.png */,
				B21B214623F85B4E00668238 /* Info.plist */,
			);
			path = DirectionsApp;
			sourceTree = "<group>";
		};
/* End PBXGroup section */

/* Begin PBXNativeTarget section */
		B21B213623F85B4D00668238 /* DirectionsApp */ = {
			isa = PBXNativeTarget;
			buildConfigurationList = B21B214923F85B4E00668238 /* Build configuration list for PBXNativeTarget "DirectionsApp" */;
			buildPhases = (
				E86471BA005CEA316917C470 /* [CP] Check Pods Manifest.lock */,
				B21B213323F85B4D00668238 /* Sources */,
				B21B213423F85B4D00668238 /* Frameworks */,
				B21B213523F85B4D00668238 /* Resources */,
				3D08C43CC351BD2EBD4EF984 /* [CP] Embed Pods Frameworks */,
			);
			buildRules = (
			);
			dependencies = (
			);
			name = DirectionsApp;
			productName = DirectionsApp;
			productReference = B21B213723F85B4D00668238 /* DirectionsApp.app */;
			productType = "com.apple.product-type.application";
		};
/* End PBXNativeTarget section */

/* Begin PBXProject section */
		B21B212F23F85B4D00668238 /* Project object */ = {
			isa = PBXProject;
			attributes = {
				LastSwiftUpdateCheck = 1020;
				LastUpgradeCheck = 1020;
				ORGANIZATIONNAME = "ANK Development";
				TargetAttributes = {
					B21B213623F85B4D00668238 = {
						CreatedOnToolsVersion = 10.2.1;
					};
				};
			};
			buildConfigurationList = B21B213223F85B4D00668238 /* Build configuration list for PBXProject "DirectionsApp" */;
			compatibilityVersion = "Xcode 9.3";
			developmentRegion = en;
			hasScannedForEncodings = 0;
			knownRegions = (
				en,
				Base,
			);
			mainGroup = B21B212E23F85B4D00668238;
			productRefGroup = B21B213823F85B4D00668238 /* Products */;
			projectDirPath = "";
			projectRoot = "";
			targets = (
				B21B213623F85B4D00668238 /* DirectionsApp */,
			);
		};
/* End PBXProject section */

/* Begin PBXResourcesBuildPhase section */
		B21B213523F85B4D00668238 /* Resources */ = {
			isa = PBXResourcesBuildPhase;
			buildActionMask = 2147483647;
			files = (
				B262F6B023FAD79400688FBB /* image_1-iPhone-6.png in Resources */,
				B21B214523F85B4E00668238 /* LaunchScreen.storyboard in Resources */,
				B262F6B123FAD79400688FBB /* image_2-iPhone-6.png in Resources */,
				B21B214223F85B4E00668238 /* Assets.xcassets in Resources */,
			);
			runOnlyForDeploymentPostprocessing = 0;
		};
/* End PBXResourcesBuildPhase section */

/* Begin PBXShellScriptBuildPhase section */
		3D08C43CC351BD2EBD4EF984 /* [CP] Embed Pods Frameworks */ = {
			isa = PBXShellScriptBuildPhase;
			buildActionMask = 2147483647;
			files = (
			);
			inputFileListPaths = (
				"${PODS_ROOT}/Target Support Files/Pods-DirectionsApp/Pods-DirectionsApp-frameworks-${CONFIGURATION}-input-files.xcfilelist",
			);
			name = "[CP] Embed Pods Frameworks";
			outputFileListPaths = (
				"${PODS_ROOT}/Target Support Files/Pods-DirectionsApp/Pods-DirectionsApp-frameworks-${CONFIGURATION}-output-files.xcfilelist",
			);
			runOnlyForDeploymentPostprocessing = 0;
			shellPath = /bin/sh;
			shellScript = "\"${PODS_ROOT}/Target Support Files/Pods-DirectionsApp/Pods-DirectionsApp-frameworks.sh\"\n";
			showEnvVarsInLog = 0;
		};
		E86471BA005CEA316917C470 /* [CP] Check Pods Manifest.lock */ = {
			isa = PBXShellScriptBuildPhase;
			buildActionMask = 2147483647;
			files = (
			);
			inputFileListPaths = (
			);
			inputPaths = (
				"${PODS_PODFILE_DIR_PATH}/Podfile.lock",
				"${PODS_ROOT}/Manifest.lock",
			);
			name = "[CP] Check Pods Manifest.lock";
			outputFileListPaths = (
			);
			outputPaths = (
				"$(DERIVED_FILE_DIR)/Pods-DirectionsApp-checkManifestLockResult.txt",
			);
			runOnlyForDeploymentPostprocessing = 0;
			shellPath = /bin/sh;
			shellScript = "diff \"${PODS_PODFILE_DIR_PATH}/Podfile.lock\" \"${PODS_ROOT}/Manifest.lock\" > /dev/null\nif [ $? != 0 ] ; then\n    # print error to STDERR\n    echo \"error: The sandbox is not in sync with the Podfile.lock. Run 'pod install' or update your CocoaPods installation.\" >&2\n    exit 1\nfi\n# This output is used by Xcode 'outputs' to avoid re-running this script phase.\necho \"SUCCESS\" > \"${SCRIPT_OUTPUT_FILE_0}\"\n";
			showEnvVarsInLog = 0;
		};
/* End PBXShellScriptBuildPhase section */

/* Begin PBXSourcesBuildPhase section */
		B21B213323F85B4D00668238 /* Sources */ = {
			isa = PBXSourcesBuildPhase;
			buildActionMask = 2147483647;
			files = (
				B21B214D23F8984F00668238 /* ViewController.swift in Sources */,
				B21B213B23F85B4D00668238 /* AppDelegate.swift in Sources */,
			);
			runOnlyForDeploymentPostprocessing = 0;
		};
/* End PBXSourcesBuildPhase section */

/* Begin PBXVariantGroup section */
		B21B214323F85B4E00668238 /* LaunchScreen.storyboard */ = {
			isa = PBXVariantGroup;
			children = (
				B21B214423F85B4E00668238 /* Base */,
			);
			name = LaunchScreen.storyboard;
			sourceTree = "<group>";
		};
/* End PBXVariantGroup section */

/* Begin XCBuildConfiguration section */
		B21B214723F85B4E00668238 /* Debug */ = {
			isa = XCBuildConfiguration;
			buildSettings = {
				ALWAYS_SEARCH_USER_PATHS = NO;
				CLANG_ANALYZER_NONNULL = YES;
				CLANG_ANALYZER_NUMBER_OBJECT_CONVERSION = YES_AGGRESSIVE;
				CLANG_CXX_LANGUAGE_STANDARD = "gnu++14";
				CLANG_CXX_LIBRARY = "libc++";
				CLANG_ENABLE_MODULES = YES;
				CLANG_ENABLE_OBJC_ARC = YES;
				CLANG_ENABLE_OBJC_WEAK = YES;
				CLANG_WARN_BLOCK_CAPTURE_AUTORELEASING = YES;
				CLANG_WARN_BOOL_CONVERSION = YES;
				CLANG_WARN_COMMA = YES;
				CLANG_WARN_CONSTANT_CONVERSION = YES;
				CLANG_WARN_DEPRECATED_OBJC_IMPLEMENTATIONS = YES;
				CLANG_WARN_DIRECT_OBJC_ISA_USAGE = YES_ERROR;
				CLANG_WARN_DOCUMENTATION_COMMENTS = YES;
				CLANG_WARN_EMPTY_BODY = YES;
				CLANG_WARN_ENUM_CONVERSION = YES;
				CLANG_WARN_INFINITE_RECURSION = YES;
				CLANG_WARN_INT_CONVERSION = YES;
				CLANG_WARN_NON_LITERAL_NULL_CONVERSION = YES;
				CLANG_WARN_OBJC_IMPLICIT_RETAIN_SELF = YES;
				CLANG_WARN_OBJC_LITERAL_CONVERSION = YES;
				CLANG_WARN_OBJC_ROOT_CLASS = YES_ERROR;
				CLANG_WARN_RANGE_LOOP_ANALYSIS = YES;
				CLANG_WARN_STRICT_PROTOTYPES = YES;
				CLANG_WARN_SUSPICIOUS_MOVE = YES;
				CLANG_WARN_UNGUARDED_AVAILABILITY = YES_AGGRESSIVE;
				CLANG_WARN_UNREACHABLE_CODE = YES;
				CLANG_WARN__DUPLICATE_METHOD_MATCH = YES;
				CODE_SIGN_IDENTITY = "iPhone Developer";
				COPY_PHASE_STRIP = NO;
				DEBUG_INFORMATION_FORMAT = dwarf;
				ENABLE_STRICT_OBJC_MSGSEND = YES;
				ENABLE_TESTABILITY = YES;
				GCC_C_LANGUAGE_STANDARD = gnu11;
				GCC_DYNAMIC_NO_PIC = NO;
				GCC_NO_COMMON_BLOCKS = YES;
				GCC_OPTIMIZATION_LEVEL = 0;
				GCC_PREPROCESSOR_DEFINITIONS = (
					"DEBUG=1",
					"$(inherited)",
				);
				GCC_WARN_64_TO_32_BIT_CONVERSION = YES;
				GCC_WARN_ABOUT_RETURN_TYPE = YES_ERROR;
				GCC_WARN_UNDECLARED_SELECTOR = YES;
				GCC_WARN_UNINITIALIZED_AUTOS = YES_AGGRESSIVE;
				GCC_WARN_UNUSED_FUNCTION = YES;
				GCC_WARN_UNUSED_VARIABLE = YES;
				IPHONEOS_DEPLOYMENT_TARGET = 12.2;
				MTL_ENABLE_DEBUG_INFO = INCLUDE_SOURCE;
				MTL_FAST_MATH = YES;
				ONLY_ACTIVE_ARCH = YES;
				SDKROOT = iphoneos;
				SWIFT_ACTIVE_COMPILATION_CONDITIONS = DEBUG;
				SWIFT_OPTIMIZATION_LEVEL = "-Onone";
			};
			name = Debug;
		};
		B21B214823F85B4E00668238 /* Release */ = {
			isa = XCBuildConfiguration;
			buildSettings = {
				ALWAYS_SEARCH_USER_PATHS = NO;
				CLANG_ANALYZER_NONNULL = YES;
				CLANG_ANALYZER_NUMBER_OBJECT_CONVERSION = YES_AGGRESSIVE;
				CLANG_CXX_LANGUAGE_STANDARD = "gnu++14";
				CLANG_CXX_LIBRARY = "libc++";
				CLANG_ENABLE_MODULES = YES;
				CLANG_ENABLE_OBJC_ARC = YES;
				CLANG_ENABLE_OBJC_WEAK = YES;
				CLANG_WARN_BLOCK_CAPTURE_AUTORELEASING = YES;
				CLANG_WARN_BOOL_CONVERSION = YES;
				CLANG_WARN_COMMA = YES;
				CLANG_WARN_CONSTANT_CONVERSION = YES;
				CLANG_WARN_DEPRECATED_OBJC_IMPLEMENTATIONS = YES;
				CLANG_WARN_DIRECT_OBJC_ISA_USAGE = YES_ERROR;
				CLANG_WARN_DOCUMENTATION_COMMENTS = YES;
				CLANG_WARN_EMPTY_BODY = YES;
				CLANG_WARN_ENUM_CONVERSION = YES;
				CLANG_WARN_INFINITE_RECURSION = YES;
				CLANG_WARN_INT_CONVERSION = YES;
				CLANG_WARN_NON_LITERAL_NULL_CONVERSION = YES;
				CLANG_WARN_OBJC_IMPLICIT_RETAIN_SELF = YES;
				CLANG_WARN_OBJC_LITERAL_CONVERSION = YES;
				CLANG_WARN_OBJC_ROOT_CLASS = YES_ERROR;
				CLANG_WARN_RANGE_LOOP_ANALYSIS = YES;
				CLANG_WARN_STRICT_PROTOTYPES = YES;
				CLANG_WARN_SUSPICIOUS_MOVE = YES;
				CLANG_WARN_UNGUARDED_AVAILABILITY = YES_AGGRESSIVE;
				CLANG_WARN_UNREACHABLE_CODE = YES;
				CLANG_WARN__DUPLICATE_METHOD_MATCH = YES;
				CODE_SIGN_IDENTITY = "iPhone Developer";
				COPY_PHASE_STRIP = NO;
				DEBUG_INFORMATION_FORMAT = "dwarf-with-dsym";
				ENABLE_NS_ASSERTIONS = NO;
				ENABLE_STRICT_OBJC_MSGSEND = YES;
				GCC_C_LANGUAGE_STANDARD = gnu11;
				GCC_NO_COMMON_BLOCKS = YES;
				GCC_WARN_64_TO_32_BIT_CONVERSION = YES;
				GCC_WARN_ABOUT_RETURN_TYPE = YES_ERROR;
				GCC_WARN_UNDECLARED_SELECTOR = YES;
				GCC_WARN_UNINITIALIZED_AUTOS = YES_AGGRESSIVE;
				GCC_WARN_UNUSED_FUNCTION = YES;
				GCC_WARN_UNUSED_VARIABLE = YES;
				IPHONEOS_DEPLOYMENT_TARGET = 12.2;
				MTL_ENABLE_DEBUG_INFO = NO;
				MTL_FAST_MATH = YES;
				SDKROOT = iphoneos;
				SWIFT_COMPILATION_MODE = wholemodule;
				SWIFT_OPTIMIZATION_LEVEL = "-O";
				VALIDATE_PRODUCT = YES;
			};
			name = Release;
		};
		B21B214A23F85B4E00668238 /* Debug */ = {
			isa = XCBuildConfiguration;
			baseConfigurationReference = 898440B2BADF2A1C80A6ABF3 /* Pods-DirectionsApp.debug.xcconfig */;
			buildSettings = {
				ASSETCATALOG_COMPILER_APPICON_NAME = AppIcon;
				CODE_SIGN_IDENTITY = "iPhone Developer";
				CODE_SIGN_STYLE = Automatic;
				DEVELOPMENT_TEAM = CZ32HA5J4W;
				INFOPLIST_FILE = DirectionsApp/Info.plist;
				IPHONEOS_DEPLOYMENT_TARGET = 11.4;
				LD_RUNPATH_SEARCH_PATHS = (
					"$(inherited)",
					"@executable_path/Frameworks",
				);
				PRODUCT_BUNDLE_IDENTIFIER = com.ank.getdirectionsapp;
				PRODUCT_NAME = "$(TARGET_NAME)";
				PROVISIONING_PROFILE_SPECIFIER = "";
				SWIFT_VERSION = 5.0;
				TARGETED_DEVICE_FAMILY = 1;
			};
			name = Debug;
		};
		B21B214B23F85B4E00668238 /* Release */ = {
			isa = XCBuildConfiguration;
			baseConfigurationReference = 8393A9DA0BBE22506C9EDAA0 /* Pods-DirectionsApp.release.xcconfig */;
			buildSettings = {
				ASSETCATALOG_COMPILER_APPICON_NAME = AppIcon;
				CODE_SIGN_IDENTITY = "iPhone Developer";
				CODE_SIGN_STYLE = Automatic;
				DEVELOPMENT_TEAM = CZ32HA5J4W;
				INFOPLIST_FILE = DirectionsApp/Info.plist;
				IPHONEOS_DEPLOYMENT_TARGET = 11.4;
				LD_RUNPATH_SEARCH_PATHS = (
					"$(inherited)",
					"@executable_path/Frameworks",
				);
				PRODUCT_BUNDLE_IDENTIFIER = com.ank.getdirectionsapp;
				PRODUCT_NAME = "$(TARGET_NAME)";
				PROVISIONING_PROFILE_SPECIFIER = "";
				SWIFT_VERSION = 5.0;
				TARGETED_DEVICE_FAMILY = 1;
			};
			name = Release;
		};
/* End XCBuildConfiguration section */

/* Begin XCConfigurationList section */
		B21B213223F85B4D00668238 /* Build configuration list for PBXProject "DirectionsApp" */ = {
			isa = XCConfigurationList;
			buildConfigurations = (
				B21B214723F85B4E00668238 /* Debug */,
				B21B214823F85B4E00668238 /* Release */,
			);
			defaultConfigurationIsVisible = 0;
			defaultConfigurationName = Release;
		};
		B21B214923F85B4E00668238 /* Build configuration list for PBXNativeTarget "DirectionsApp" */ = {
			isa = XCConfigurationList;
			buildConfigurations = (
				B21B214A23F85B4E00668238 /* Debug */,
				B21B214B23F85B4E00668238 /* Release */,
			);
			defaultConfigurationIsVisible = 0;
			defaultConfigurationName = Release;
		};
/* End XCConfigurationList section */
	};
	rootObject = B21B212F23F85B4D00668238 /* Project object */;
}
